
Microsoft Visual Studio Solution File, Format Version 12.00
# Visual Studio Version 17
VisualStudioVersion = 17.8.34511.84
MinimumVisualStudioVersion = 10.0.40219.1
Project("{888888A0-9F3D-457C-B088-3A5042F75D52}") = "Autorizeerimine ja Registrerimine", "Autorizeerimine ja Registrerimine\Autorizeerimine ja Registrerimine.pyproj", "{2EC445EF-0631-4D97-B96F-6C690652C246}"
EndProject
Global
	GlobalSection(SolutionConfigurationPlatforms) = preSolution
		Debug|Any CPU = Debug|Any CPU
		Release|Any CPU = Release|Any CPU
	EndGlobalSection
	GlobalSection(ProjectConfigurationPlatforms) = postSolution
		{2EC445EF-0631-4D97-B96F-6C690652C246}.Debug|Any CPU.ActiveCfg = Debug|Any CPU
		{2EC445EF-0631-4D97-B96F-6C690652C246}.Release|Any CPU.ActiveCfg = Release|Any CPU
	EndGlobalSection
	GlobalSection(SolutionProperties) = preSolution
		HideSolutionNode = FALSE
	EndGlobalSection
	GlobalSection(ExtensibilityGlobals) = postSolution
		SolutionGuid = {EE02FD07-6D22-459E-847F-FA384E09E6F9}
	EndGlobalSection
EndGlobal
